
Microsoft Visual Studio Solution File, Format Version 12.00
# Visual Studio Version 17
VisualStudioVersion = 17.2.32505.173
MinimumVisualStudioVersion = 10.0.40219.1
Project("{FAE04EC0-301F-11D3-BF4B-00C04F79EFBC}") = "Crystal Editor", "Crystal Editor.csproj", "{0B46099E-1236-4B08-9DC0-E847529AB47D}"
EndProject
Global
	GlobalSection(SolutionConfigurationPlatforms) = preSolution
		Debug|Any CPU = Debug|Any CPU
		Release|Any CPU = Release|Any CPU
	EndGlobalSection
	GlobalSection(ProjectConfigurationPlatforms) = postSolution
		{0B46099E-1236-4B08-9DC0-E847529AB47D}.Debug|Any CPU.ActiveCfg = Debug|Any CPU
		{0B46099E-1236-4B08-9DC0-E847529AB47D}.Debug|Any CPU.Build.0 = Debug|Any CPU
		{0B46099E-1236-4B08-9DC0-E847529AB47D}.Release|Any CPU.ActiveCfg = Release|Any CPU
		{0B46099E-1236-4B08-9DC0-E847529AB47D}.Release|Any CPU.Build.0 = Release|Any CPU
	EndGlobalSection
	GlobalSection(SolutionProperties) = preSolution
		HideSolutionNode = FALSE
	EndGlobalSection
	GlobalSection(ExtensibilityGlobals) = postSolution
		SolutionGuid = {BCAD9EC0-F98B-4495-937A-D9009E2C7FE0}
	EndGlobalSection
EndGlobal
